
Microsoft Visual Studio Solution File, Format Version 12.00
# Visual Studio Version 17
VisualStudioVersion = 17.0.31903.59
MinimumVisualStudioVersion = 10.0.40219.1
Project("{FAE04EC0-301F-11D3-BF4B-00C04F79EFBC}") = "Platform.Customers.Host", "src\Platform.Customers.Host\Platform.Customers.Host.csproj", "{A5F5C2E1-F0A0-4A0A-A0A0-A0A0A0A0A001}"
EndProject
Project("{FAE04EC0-301F-11D3-BF4B-00C04F79EFBC}") = "Platform.Customers.Domain", "src\Core\Platform.Customers.Domain\Platform.Customers.Domain.csproj", "{A5F5C2E1-F0A0-4A0A-A0A0-A0A0A0A0A002}"
EndProject
Project("{FAE04EC0-301F-11D3-BF4B-00C04F79EFBC}") = "Platform.Customers.Application", "src\Customers\Platform.Customers.Application\Platform.Customers.Application.csproj", "{A5F5C2E1-F0A0-4A0A-A0A0-A0A0A0A0A003}"
EndProject
Project("{FAE04EC0-301F-11D3-BF4B-00C04F79EFBC}") = "Platform.Customers.Infrastructure", "src\Customers\Platform.Customers.Infrastructure\Platform.Customers.Infrastructure.csproj", "{A5F5C2E1-F0A0-4A0A-A0A0-A0A0A0A0A004}"
EndProject
Project("{FAE04EC0-301F-11D3-BF4B-00C04F79EFBC}") = "Platform.Customers.HttpApi", "src\Customers\Platform.Customers.HttpApi\Platform.Customers.HttpApi.csproj", "{A5F5C2E1-F0A0-4A0A-A0A0-A0A0A0A0A005}"
EndProject
Project("{FAE04EC0-301F-11D3-BF4B-00C04F79EFBC}") = "Platform.Customers.Database", "src\Database\Platform.Customers.Database\Platform.Customers.Database.sqlproj", "{A5F5C2E1-F0A0-4A0A-A0A0-A0A0A0A0A006}"
EndProject
Project("{2150E333-8FDC-42A3-9474-1A3956D46DE8}") = "src", "src", "{F5F5F5F5-F5F5-F5F5-F5F5-F5F5F5F5F5F1}"
EndProject
Project("{2150E333-8FDC-42A3-9474-1A3956D46DE8}") = "Core", "Core", "{F5F5F5F5-F5F5-F5F5-F5F5-F5F5F5F5F5F2}"
EndProject
Project("{2150E333-8FDC-42A3-9474-1A3956D46DE8}") = "Customers", "Customers", "{F5F5F5F5-F5F5-F5F5-F5F5-F5F5F5F5F5F3}"
EndProject
Project("{2150E333-8FDC-42A3-9474-1A3956D46DE8}") = "Database", "Database", "{F5F5F5F5-F5F5-F5F5-F5F5-F5F5F5F5F5F4}"
EndProject
Project("{2150E333-8FDC-42A3-9474-1A3956D46DE8}") = "test", "test", "{0C88DD14-F956-CE84-757C-A364CCF449FC}"
EndProject
Project("{FAE04EC0-301F-11D3-BF4B-00C04F79EFBC}") = "Platform.Customers.Application.Tests", "test\Platform.Customers.Application.Tests\Platform.Customers.Application.Tests.csproj", "{A5D075B7-D862-48E7-A16C-3B85103DCA9C}"
EndProject
Global
	GlobalSection(SolutionConfigurationPlatforms) = preSolution
		Debug|Any CPU = Debug|Any CPU
		Debug|x64 = Debug|x64
		Debug|x86 = Debug|x86
		Release|Any CPU = Release|Any CPU
		Release|x64 = Release|x64
		Release|x86 = Release|x86
	EndGlobalSection
	GlobalSection(ProjectConfigurationPlatforms) = postSolution
		{A5F5C2E1-F0A0-4A0A-A0A0-A0A0A0A0A001}.Debug|Any CPU.ActiveCfg = Debug|Any CPU
		{A5F5C2E1-F0A0-4A0A-A0A0-A0A0A0A0A001}.Debug|Any CPU.Build.0 = Debug|Any CPU
		{A5F5C2E1-F0A0-4A0A-A0A0-A0A0A0A0A001}.Debug|x64.ActiveCfg = Debug|Any CPU
		{A5F5C2E1-F0A0-4A0A-A0A0-A0A0A0A0A001}.Debug|x64.Build.0 = Debug|Any CPU
		{A5F5C2E1-F0A0-4A0A-A0A0-A0A0A0A0A001}.Debug|x86.ActiveCfg = Debug|Any CPU
		{A5F5C2E1-F0A0-4A0A-A0A0-A0A0A0A0A001}.Debug|x86.Build.0 = Debug|Any CPU
		{A5F5C2E1-F0A0-4A0A-A0A0-A0A0A0A0A001}.Release|Any CPU.ActiveCfg = Release|Any CPU
		{A5F5C2E1-F0A0-4A0A-A0A0-A0A0A0A0A001}.Release|Any CPU.Build.0 = Release|Any CPU
		{A5F5C2E1-F0A0-4A0A-A0A0-A0A0A0A0A001}.Release|x64.ActiveCfg = Release|Any CPU
		{A5F5C2E1-F0A0-4A0A-A0A0-A0A0A0A0A001}.Release|x64.Build.0 = Release|Any CPU
		{A5F5C2E1-F0A0-4A0A-A0A0-A0A0A0A0A001}.Release|x86.ActiveCfg = Release|Any CPU
		{A5F5C2E1-F0A0-4A0A-A0A0-A0A0A0A0A001}.Release|x86.Build.0 = Release|Any CPU
		{A5F5C2E1-F0A0-4A0A-A0A0-A0A0A0A0A002}.Debug|Any CPU.ActiveCfg = Debug|Any CPU
		{A5F5C2E1-F0A0-4A0A-A0A0-A0A0A0A0A002}.Debug|Any CPU.Build.0 = Debug|Any CPU
		{A5F5C2E1-F0A0-4A0A-A0A0-A0A0A0A0A002}.Debug|x64.ActiveCfg = Debug|Any CPU
		{A5F5C2E1-F0A0-4A0A-A0A0-A0A0A0A0A002}.Debug|x64.Build.0 = Debug|Any CPU
		{A5F5C2E1-F0A0-4A0A-A0A0-A0A0A0A0A002}.Debug|x86.ActiveCfg = Debug|Any CPU
		{A5F5C2E1-F0A0-4A0A-A0A0-A0A0A0A0A002}.Debug|x86.Build.0 = Debug|Any CPU
		{A5F5C2E1-F0A0-4A0A-A0A0-A0A0A0A0A002}.Release|Any CPU.ActiveCfg = Release|Any CPU
		{A5F5C2E1-F0A0-4A0A-A0A0-A0A0A0A0A002}.Release|Any CPU.Build.0 = Release|Any CPU
		{A5F5C2E1-F0A0-4A0A-A0A0-A0A0A0A0A002}.Release|x64.ActiveCfg = Release|Any CPU
		{A5F5C2E1-F0A0-4A0A-A0A0-A0A0A0A0A002}.Release|x64.Build.0 = Release|Any CPU
		{A5F5C2E1-F0A0-4A0A-A0A0-A0A0A0A0A002}.Release|x86.ActiveCfg = Release|Any CPU
		{A5F5C2E1-F0A0-4A0A-A0A0-A0A0A0A0A002}.Release|x86.Build.0 = Release|Any CPU
		{A5F5C2E1-F0A0-4A0A-A0A0-A0A0A0A0A003}.Debug|Any CPU.ActiveCfg = Debug|Any CPU
		{A5F5C2E1-F0A0-4A0A-A0A0-A0A0A0A0A003}.Debug|Any CPU.Build.0 = Debug|Any CPU
		{A5F5C2E1-F0A0-4A0A-A0A0-A0A0A0A0A003}.Debug|x64.ActiveCfg = Debug|Any CPU
		{A5F5C2E1-F0A0-4A0A-A0A0-A0A0A0A0A003}.Debug|x64.Build.0 = Debug|Any CPU
		{A5F5C2E1-F0A0-4A0A-A0A0-A0A0A0A0A003}.Debug|x86.ActiveCfg = Debug|Any CPU
		{A5F5C2E1-F0A0-4A0A-A0A0-A0A0A0A0A003}.Debug|x86.Build.0 = Debug|Any CPU
		{A5F5C2E1-F0A0-4A0A-A0A0-A0A0A0A0A003}.Release|Any CPU.ActiveCfg = Release|Any CPU
		{A5F5C2E1-F0A0-4A0A-A0A0-A0A0A0A0A003}.Release|Any CPU.Build.0 = Release|Any CPU
		{A5F5C2E1-F0A0-4A0A-A0A0-A0A0A0A0A003}.Release|x64.ActiveCfg = Release|Any CPU
		{A5F5C2E1-F0A0-4A0A-A0A0-A0A0A0A0A003}.Release|x64.Build.0 = Release|Any CPU
		{A5F5C2E1-F0A0-4A0A-A0A0-A0A0A0A0A003}.Release|x86.ActiveCfg = Release|Any CPU
		{A5F5C2E1-F0A0-4A0A-A0A0-A0A0A0A0A003}.Release|x86.Build.0 = Release|Any CPU
		{A5F5C2E1-F0A0-4A0A-A0A0-A0A0A0A0A004}.Debug|Any CPU.ActiveCfg = Debug|Any CPU
		{A5F5C2E1-F0A0-4A0A-A0A0-A0A0A0A0A004}.Debug|Any CPU.Build.0 = Debug|Any CPU
		{A5F5C2E1-F0A0-4A0A-A0A0-A0A0A0A0A004}.Debug|x64.ActiveCfg = Debug|Any CPU
		{A5F5C2E1-F0A0-4A0A-A0A0-A0A0A0A0A004}.Debug|x64.Build.0 = Debug|Any CPU
		{A5F5C2E1-F0A0-4A0A-A0A0-A0A0A0A0A004}.Debug|x86.ActiveCfg = Debug|Any CPU
		{A5F5C2E1-F0A0-4A0A-A0A0-A0A0A0A0A004}.Debug|x86.Build.0 = Debug|Any CPU
		{A5F5C2E1-F0A0-4A0A-A0A0-A0A0A0A0A004}.Release|Any CPU.ActiveCfg = Release|Any CPU
		{A5F5C2E1-F0A0-4A0A-A0A0-A0A0A0A0A004}.Release|Any CPU.Build.0 = Release|Any CPU
		{A5F5C2E1-F0A0-4A0A-A0A0-A0A0A0A0A004}.Release|x64.ActiveCfg = Release|Any CPU
		{A5F5C2E1-F0A0-4A0A-A0A0-A0A0A0A0A004}.Release|x64.Build.0 = Release|Any CPU
		{A5F5C2E1-F0A0-4A0A-A0A0-A0A0A0A0A004}.Release|x86.ActiveCfg = Release|Any CPU
		{A5F5C2E1-F0A0-4A0A-A0A0-A0A0A0A0A004}.Release|x86.Build.0 = Release|Any CPU
		{A5F5C2E1-F0A0-4A0A-A0A0-A0A0A0A0A005}.Debug|Any CPU.ActiveCfg = Debug|Any CPU
		{A5F5C2E1-F0A0-4A0A-A0A0-A0A0A0A0A005}.Debug|Any CPU.Build.0 = Debug|Any CPU
		{A5F5C2E1-F0A0-4A0A-A0A0-A0A0A0A0A005}.Debug|x64.ActiveCfg = Debug|Any CPU
		{A5F5C2E1-F0A0-4A0A-A0A0-A0A0A0A0A005}.Debug|x64.Build.0 = Debug|Any CPU
		{A5F5C2E1-F0A0-4A0A-A0A0-A0A0A0A0A005}.Debug|x86.ActiveCfg = Debug|Any CPU
		{A5F5C2E1-F0A0-4A0A-A0A0-A0A0A0A0A005}.Debug|x86.Build.0 = Debug|Any CPU
		{A5F5C2E1-F0A0-4A0A-A0A0-A0A0A0A0A005}.Release|Any CPU.ActiveCfg = Release|Any CPU
		{A5F5C2E1-F0A0-4A0A-A0A0-A0A0A0A0A005}.Release|Any CPU.Build.0 = Release|Any CPU
		{A5F5C2E1-F0A0-4A0A-A0A0-A0A0A0A0A005}.Release|x64.ActiveCfg = Release|Any CPU
		{A5F5C2E1-F0A0-4A0A-A0A0-A0A0A0A0A005}.Release|x64.Build.0 = Release|Any CPU
		{A5F5C2E1-F0A0-4A0A-A0A0-A0A0A0A0A005}.Release|x86.ActiveCfg = Release|Any CPU
		{A5F5C2E1-F0A0-4A0A-A0A0-A0A0A0A0A005}.Release|x86.Build.0 = Release|Any CPU
		{A5F5C2E1-F0A0-4A0A-A0A0-A0A0A0A0A006}.Debug|Any CPU.ActiveCfg = Debug|Any CPU
		{A5F5C2E1-F0A0-4A0A-A0A0-A0A0A0A0A006}.Debug|Any CPU.Build.0 = Debug|Any CPU
		{A5F5C2E1-F0A0-4A0A-A0A0-A0A0A0A0A006}.Debug|x64.ActiveCfg = Debug|Any CPU
		{A5F5C2E1-F0A0-4A0A-A0A0-A0A0A0A0A006}.Debug|x64.Build.0 = Debug|Any CPU
		{A5F5C2E1-F0A0-4A0A-A0A0-A0A0A0A0A006}.Debug|x86.ActiveCfg = Debug|Any CPU
		{A5F5C2E1-F0A0-4A0A-A0A0-A0A0A0A0A006}.Debug|x86.Build.0 = Debug|Any CPU
		{A5F5C2E1-F0A0-4A0A-A0A0-A0A0A0A0A006}.Release|Any CPU.ActiveCfg = Release|Any CPU
		{A5F5C2E1-F0A0-4A0A-A0A0-A0A0A0A0A006}.Release|Any CPU.Build.0 = Release|Any CPU
		{A5F5C2E1-F0A0-4A0A-A0A0-A0A0A0A0A006}.Release|x64.ActiveCfg = Release|Any CPU
		{A5F5C2E1-F0A0-4A0A-A0A0-A0A0A0A0A006}.Release|x64.Build.0 = Release|Any CPU
		{A5F5C2E1-F0A0-4A0A-A0A0-A0A0A0A0A006}.Release|x86.ActiveCfg = Release|Any CPU
		{A5F5C2E1-F0A0-4A0A-A0A0-A0A0A0A0A006}.Release|x86.Build.0 = Release|Any CPU
		{A5D075B7-D862-48E7-A16C-3B85103DCA9C}.Debug|Any CPU.ActiveCfg = Debug|Any CPU
		{A5D075B7-D862-48E7-A16C-3B85103DCA9C}.Debug|Any CPU.Build.0 = Debug|Any CPU
		{A5D075B7-D862-48E7-A16C-3B85103DCA9C}.Debug|x64.ActiveCfg = Debug|Any CPU
		{A5D075B7-D862-48E7-A16C-3B85103DCA9C}.Debug|x64.Build.0 = Debug|Any CPU
		{A5D075B7-D862-48E7-A16C-3B85103DCA9C}.Debug|x86.ActiveCfg = Debug|Any CPU
		{A5D075B7-D862-48E7-A16C-3B85103DCA9C}.Debug|x86.Build.0 = Debug|Any CPU
		{A5D075B7-D862-48E7-A16C-3B85103DCA9C}.Release|Any CPU.ActiveCfg = Release|Any CPU
		{A5D075B7-D862-48E7-A16C-3B85103DCA9C}.Release|Any CPU.Build.0 = Release|Any CPU
		{A5D075B7-D862-48E7-A16C-3B85103DCA9C}.Release|x64.ActiveCfg = Release|Any CPU
		{A5D075B7-D862-48E7-A16C-3B85103DCA9C}.Release|x64.Build.0 = Release|Any CPU
		{A5D075B7-D862-48E7-A16C-3B85103DCA9C}.Release|x86.ActiveCfg = Release|Any CPU
		{A5D075B7-D862-48E7-A16C-3B85103DCA9C}.Release|x86.Build.0 = Release|Any CPU
	EndGlobalSection
	GlobalSection(SolutionProperties) = preSolution
		HideSolutionNode = FALSE
	EndGlobalSection
	GlobalSection(NestedProjects) = preSolution
		{A5F5C2E1-F0A0-4A0A-A0A0-A0A0A0A0A001} = {F5F5F5F5-F5F5-F5F5-F5F5-F5F5F5F5F5F1}
		{A5F5C2E1-F0A0-4A0A-A0A0-A0A0A0A0A002} = {F5F5F5F5-F5F5-F5F5-F5F5-F5F5F5F5F5F2}
		{A5F5C2E1-F0A0-4A0A-A0A0-A0A0A0A0A003} = {F5F5F5F5-F5F5-F5F5-F5F5-F5F5F5F5F5F3}
		{A5F5C2E1-F0A0-4A0A-A0A0-A0A0A0A0A004} = {F5F5F5F5-F5F5-F5F5-F5F5-F5F5F5F5F5F3}
		{A5F5C2E1-F0A0-4A0A-A0A0-A0A0A0A0A005} = {F5F5F5F5-F5F5-F5F5-F5F5-F5F5F5F5F5F3}
		{A5F5C2E1-F0A0-4A0A-A0A0-A0A0A0A0A006} = {F5F5F5F5-F5F5-F5F5-F5F5-F5F5F5F5F5F4}
		{F5F5F5F5-F5F5-F5F5-F5F5-F5F5F5F5F5F2} = {F5F5F5F5-F5F5-F5F5-F5F5-F5F5F5F5F5F1}
		{F5F5F5F5-F5F5-F5F5-F5F5-F5F5F5F5F5F3} = {F5F5F5F5-F5F5-F5F5-F5F5-F5F5F5F5F5F1}
		{F5F5F5F5-F5F5-F5F5-F5F5-F5F5F5F5F5F4} = {F5F5F5F5-F5F5-F5F5-F5F5-F5F5F5F5F5F1}
		{A5D075B7-D862-48E7-A16C-3B85103DCA9C} = {0C88DD14-F956-CE84-757C-A364CCF449FC}
	EndGlobalSection
EndGlobal
